// !$*UTF8*$!
{
	archiveVersion = 1;
	classes = {
	};
	objectVersion = 46;
	objects = {

/* Begin PBXBuildFile section */
		94571A261AA8EBA3002B264F /* bridge.png in Resources */ = {isa = PBXBuildFile; fileRef = 94571A251AA8EBA3002B264F /* bridge.png */; };
		94571A291AA907D2002B264F /* Movie.swift in Sources */ = {isa = PBXBuildFile; fileRef = 94571A281AA907D2002B264F /* Movie.swift */; };
		94571A2B1AA910A2002B264F /* MovieTableViewCell.swift in Sources */ = {isa = PBXBuildFile; fileRef = 94571A2A1AA910A2002B264F /* MovieTableViewCell.swift */; };
		94E1951A1AA8D4C0000E6026 /* AppDelegate.swift in Sources */ = {isa = PBXBuildFile; fileRef = 94E195191AA8D4C0000E6026 /* AppDelegate.swift */; };
		94E1951C1AA8D4C0000E6026 /* ViewController.swift in Sources */ = {isa = PBXBuildFile; fileRef = 94E1951B1AA8D4C0000E6026 /* ViewController.swift */; };
		94E1951F1AA8D4C0000E6026 /* Main.storyboard in Resources */ = {isa = PBXBuildFile; fileRef = 94E1951D1AA8D4C0000E6026 /* Main.storyboard */; };
		94E195211AA8D4C0000E6026 /* Images.xcassets in Resources */ = {isa = PBXBuildFile; fileRef = 94E195201AA8D4C0000E6026 /* Images.xcassets */; };
		94E195241AA8D4C0000E6026 /* LaunchScreen.xib in Resources */ = {isa = PBXBuildFile; fileRef = 94E195221AA8D4C0000E6026 /* LaunchScreen.xib */; };
		94E195301AA8D4C0000E6026 /* CSRMoviesTests.swift in Sources */ = {isa = PBXBuildFile; fileRef = 94E1952F1AA8D4C0000E6026 /* CSRMoviesTests.swift */; };
/* End PBXBuildFile section */

/* Begin PBXContainerItemProxy section */
		94E1952A1AA8D4C0000E6026 /* PBXContainerItemProxy */ = {
			isa = PBXContainerItemProxy;
			containerPortal = 94E1950C1AA8D4BF000E6026 /* Project object */;
			proxyType = 1;
			remoteGlobalIDString = 94E195131AA8D4C0000E6026;
			remoteInfo = CSRMovies;
		};
/* End PBXContainerItemProxy section */

/* Begin PBXFileReference section */
		94571A251AA8EBA3002B264F /* bridge.png */ = {isa = PBXFileReference; lastKnownFileType = image.png; path = bridge.png; sourceTree = "<group>"; };
		94571A281AA907D2002B264F /* Movie.swift */ = {isa = PBXFileReference; fileEncoding = 4; lastKnownFileType = sourcecode.swift; path = Movie.swift; sourceTree = "<group>"; };
		94571A2A1AA910A2002B264F /* MovieTableViewCell.swift */ = {isa = PBXFileReference; fileEncoding = 4; lastKnownFileType = sourcecode.swift; path = MovieTableViewCell.swift; sourceTree = "<group>"; };
		94E195141AA8D4C0000E6026 /* CSRMovies.app */ = {isa = PBXFileReference; explicitFileType = wrapper.application; includeInIndex = 0; path = CSRMovies.app; sourceTree = BUILT_PRODUCTS_DIR; };
		94E195181AA8D4C0000E6026 /* Info.plist */ = {isa = PBXFileReference; lastKnownFileType = text.plist.xml; path = Info.plist; sourceTree = "<group>"; };
		94E195191AA8D4C0000E6026 /* AppDelegate.swift */ = {isa = PBXFileReference; lastKnownFileType = sourcecode.swift; path = AppDelegate.swift; sourceTree = "<group>"; };
		94E1951B1AA8D4C0000E6026 /* ViewController.swift */ = {isa = PBXFileReference; lastKnownFileType = sourcecode.swift; path = ViewController.swift; sourceTree = "<group>"; };
		94E1951E1AA8D4C0000E6026 /* Base */ = {isa = PBXFileReference; lastKnownFileType = file.storyboard; name = Base; path = Base.lproj/Main.storyboard; sourceTree = "<group>"; };
		94E195201AA8D4C0000E6026 /* Images.xcassets */ = {isa = PBXFileReference; lastKnownFileType = folder.assetcatalog; path = Images.xcassets; sourceTree = "<group>"; };
		94E195231AA8D4C0000E6026 /* Base */ = {isa = PBXFileReference; lastKnownFileType = file.xib; name = Base; path = Base.lproj/LaunchScreen.xib; sourceTree = "<group>"; };
		94E195291AA8D4C0000E6026 /* CSRMoviesTests.xctest */ = {isa = PBXFileReference; explicitFileType = wrapper.cfbundle; includeInIndex = 0; path = CSRMoviesTests.xctest; sourceTree = BUILT_PRODUCTS_DIR; };
		94E1952E1AA8D4C0000E6026 /* Info.plist */ = {isa = PBXFileReference; lastKnownFileType = text.plist.xml; path = Info.plist; sourceTree = "<group>"; };
		94E1952F1AA8D4C0000E6026 /* CSRMoviesTests.swift */ = {isa = PBXFileReference; lastKnownFileType = sourcecode.swift; path = CSRMoviesTests.swift; sourceTree = "<group>"; };
/* End PBXFileReference section */

/* Begin PBXFrameworksBuildPhase section */
		94E195111AA8D4C0000E6026 /* Frameworks */ = {
			isa = PBXFrameworksBuildPhase;
			buildActionMask = 2147483647;
			files = (
			);
			runOnlyForDeploymentPostprocessing = 0;
		};
		94E195261AA8D4C0000E6026 /* Frameworks */ = {
			isa = PBXFrameworksBuildPhase;
			buildActionMask = 2147483647;
			files = (
			);
			runOnlyForDeploymentPostprocessing = 0;
		};
/* End PBXFrameworksBuildPhase section */

/* Begin PBXGroup section */
		94E1950B1AA8D4BF000E6026 = {
			isa = PBXGroup;
			children = (
				94E195161AA8D4C0000E6026 /* CSRMovies */,
				94E1952C1AA8D4C0000E6026 /* CSRMoviesTests */,
				94E195151AA8D4C0000E6026 /* Products */,
			);
			sourceTree = "<group>";
		};
		94E195151AA8D4C0000E6026 /* Products */ = {
			isa = PBXGroup;
			children = (
				94E195141AA8D4C0000E6026 /* CSRMovies.app */,
				94E195291AA8D4C0000E6026 /* CSRMoviesTests.xctest */,
			);
			name = Products;
			sourceTree = "<group>";
		};
		94E195161AA8D4C0000E6026 /* CSRMovies */ = {
			isa = PBXGroup;
			children = (
				94E195191AA8D4C0000E6026 /* AppDelegate.swift */,
				94E1951B1AA8D4C0000E6026 /* ViewController.swift */,
				94571A251AA8EBA3002B264F /* bridge.png */,
				94E1951D1AA8D4C0000E6026 /* Main.storyboard */,
				94E195201AA8D4C0000E6026 /* Images.xcassets */,
				94E195221AA8D4C0000E6026 /* LaunchScreen.xib */,
				94E195171AA8D4C0000E6026 /* Supporting Files */,
				94571A281AA907D2002B264F /* Movie.swift */,
				94571A2A1AA910A2002B264F /* MovieTableViewCell.swift */,
			);
			path = CSRMovies;
			sourceTree = "<group>";
		};
		94E195171AA8D4C0000E6026 /* Supporting Files */ = {
			isa = PBXGroup;
			children = (
				94E195181AA8D4C0000E6026 /* Info.plist */,
			);
			name = "Supporting Files";
			sourceTree = "<group>";
		};
		94E1952C1AA8D4C0000E6026 /* CSRMoviesTests */ = {
			isa = PBXGroup;
			children = (
				94E1952F1AA8D4C0000E6026 /* CSRMoviesTests.swift */,
				94E1952D1AA8D4C0000E6026 /* Supporting Files */,
			);
			path = CSRMoviesTests;
			sourceTree = "<group>";
		};
		94E1952D1AA8D4C0000E6026 /* Supporting Files */ = {
			isa = PBXGroup;
			children = (
				94E1952E1AA8D4C0000E6026 /* Info.plist */,
			);
			name = "Supporting Files";
			sourceTree = "<group>";
		};
/* End PBXGroup section */

/* Begin PBXNativeTarget section */
		94E195131AA8D4C0000E6026 /* CSRMovies */ = {
			isa = PBXNativeTarget;
			buildConfigurationList = 94E195331AA8D4C0000E6026 /* Build configuration list for PBXNativeTarget "CSRMovies" */;
			buildPhases = (
				94E195101AA8D4C0000E6026 /* Sources */,
				94E195111AA8D4C0000E6026 /* Frameworks */,
				94E195121AA8D4C0000E6026 /* Resources */,
			);
			buildRules = (
			);
			dependencies = (
			);
			name = CSRMovies;
			productName = CSRMovies;
			productReference = 94E195141AA8D4C0000E6026 /* CSRMovies.app */;
			productType = "com.apple.product-type.application";
		};
		94E195281AA8D4C0000E6026 /* CSRMoviesTests */ = {
			isa = PBXNativeTarget;
			buildConfigurationList = 94E195361AA8D4C0000E6026 /* Build configuration list for PBXNativeTarget "CSRMoviesTests" */;
			buildPhases = (
				94E195251AA8D4C0000E6026 /* Sources */,
				94E195261AA8D4C0000E6026 /* Frameworks */,
				94E195271AA8D4C0000E6026 /* Resources */,
			);
			buildRules = (
			);
			dependencies = (
				94E1952B1AA8D4C0000E6026 /* PBXTargetDependency */,
			);
			name = CSRMoviesTests;
			productName = CSRMoviesTests;
			productReference = 94E195291AA8D4C0000E6026 /* CSRMoviesTests.xctest */;
			productType = "com.apple.product-type.bundle.unit-test";
		};
/* End PBXNativeTarget section */

/* Begin PBXProject section */
		94E1950C1AA8D4BF000E6026 /* Project object */ = {
			isa = PBXProject;
			attributes = {
				LastUpgradeCheck = 0610;
				ORGANIZATIONNAME = CSR;
				TargetAttributes = {
					94E195131AA8D4C0000E6026 = {
						CreatedOnToolsVersion = 6.1.1;
					};
					94E195281AA8D4C0000E6026 = {
						CreatedOnToolsVersion = 6.1.1;
						TestTargetID = 94E195131AA8D4C0000E6026;
					};
				};
			};
			buildConfigurationList = 94E1950F1AA8D4BF000E6026 /* Build configuration list for PBXProject "CSRMovies" */;
			compatibilityVersion = "Xcode 3.2";
			developmentRegion = English;
			hasScannedForEncodings = 0;
			knownRegions = (
				en,
				Base,
			);
			mainGroup = 94E1950B1AA8D4BF000E6026;
			productRefGroup = 94E195151AA8D4C0000E6026 /* Products */;
			projectDirPath = "";
			projectRoot = "";
			targets = (
				94E195131AA8D4C0000E6026 /* CSRMovies */,
				94E195281AA8D4C0000E6026 /* CSRMoviesTests */,
			);
		};
/* End PBXProject section */

/* Begin PBXResourcesBuildPhase section */
		94E195121AA8D4C0000E6026 /* Resources */ = {
			isa = PBXResourcesBuildPhase;
			buildActionMask = 2147483647;
			files = (
				94E1951F1AA8D4C0000E6026 /* Main.storyboard in Resources */,
				94E195241AA8D4C0000E6026 /* LaunchScreen.xib in Resources */,
				94571A261AA8EBA3002B264F /* bridge.png in Resources */,
				94E195211AA8D4C0000E6026 /* Images.xcassets in Resources */,
			);
			runOnlyForDeploymentPostprocessing = 0;
		};
		94E195271AA8D4C0000E6026 /* Resources */ = {
			isa = PBXResourcesBuildPhase;
			buildActionMask = 2147483647;
			files = (
			);
			runOnlyForDeploymentPostprocessing = 0;
		};
/* End PBXResourcesBuildPhase section */

/* Begin PBXSourcesBuildPhase section */
		94E195101AA8D4C0000E6026 /* Sources */ = {
			isa = PBXSourcesBuildPhase;
			buildActionMask = 2147483647;
			files = (
				94E1951C1AA8D4C0000E6026 /* ViewController.swift in Sources */,
				94E1951A1AA8D4C0000E6026 /* AppDelegate.swift in Sources */,
				94571A2B1AA910A2002B264F /* MovieTableViewCell.swift in Sources */,
				94571A291AA907D2002B264F /* Movie.swift in Sources */,
			);
			runOnlyForDeploymentPostprocessing = 0;
		};
		94E195251AA8D4C0000E6026 /* Sources */ = {
			isa = PBXSourcesBuildPhase;
			buildActionMask = 2147483647;
			files = (
				94E195301AA8D4C0000E6026 /* CSRMoviesTests.swift in Sources */,
			);
			runOnlyForDeploymentPostprocessing = 0;
		};
/* End PBXSourcesBuildPhase section */

/* Begin PBXTargetDependency section */
		94E1952B1AA8D4C0000E6026 /* PBXTargetDependency */ = {
			isa = PBXTargetDependency;
			target = 94E195131AA8D4C0000E6026 /* CSRMovies */;
			targetProxy = 94E1952A1AA8D4C0000E6026 /* PBXContainerItemProxy */;
		};
/* End PBXTargetDependency section */

/* Begin PBXVariantGroup section */
		94E1951D1AA8D4C0000E6026 /* Main.storyboard */ = {
			isa = PBXVariantGroup;
			children = (
				94E1951E1AA8D4C0000E6026 /* Base */,
			);
			name = Main.storyboard;
			sourceTree = "<group>";
		};
		94E195221AA8D4C0000E6026 /* LaunchScreen.xib */ = {
			isa = PBXVariantGroup;
			children = (
				94E195231AA8D4C0000E6026 /* Base */,
			);
			name = LaunchScreen.xib;
			sourceTree = "<group>";
		};
/* End PBXVariantGroup section */

/* Begin XCBuildConfiguration section */
		94E195311AA8D4C0000E6026 /* Debug */ = {
			isa = XCBuildConfiguration;
			buildSettings = {
				ALWAYS_SEARCH_USER_PATHS = NO;
				CLANG_CXX_LANGUAGE_STANDARD = "gnu++0x";
				CLANG_CXX_LIBRARY = "libc++";
				CLANG_ENABLE_MODULES = YES;
				CLANG_ENABLE_OBJC_ARC = YES;
				CLANG_WARN_BOOL_CONVERSION = YES;
				CLANG_WARN_CONSTANT_CONVERSION = YES;
				CLANG_WARN_DIRECT_OBJC_ISA_USAGE = YES_ERROR;
				CLANG_WARN_EMPTY_BODY = YES;
				CLANG_WARN_ENUM_CONVERSION = YES;
				CLANG_WARN_INT_CONVERSION = YES;
				CLANG_WARN_OBJC_ROOT_CLASS = YES_ERROR;
				CLANG_WARN_UNREACHABLE_CODE = YES;
				CLANG_WARN__DUPLICATE_METHOD_MATCH = YES;
				"CODE_SIGN_IDENTITY[sdk=iphoneos*]" = "iPhone Developer";
				COPY_PHASE_STRIP = NO;
				ENABLE_STRICT_OBJC_MSGSEND = YES;
				GCC_C_LANGUAGE_STANDARD = gnu99;
				GCC_DYNAMIC_NO_PIC = NO;
				GCC_OPTIMIZATION_LEVEL = 0;
				GCC_PREPROCESSOR_DEFINITIONS = (
					"DEBUG=1",
					"$(inherited)",
				);
				GCC_SYMBOLS_PRIVATE_EXTERN = NO;
				GCC_WARN_64_TO_32_BIT_CONVERSION = YES;
				GCC_WARN_ABOUT_RETURN_TYPE = YES_ERROR;
				GCC_WARN_UNDECLARED_SELECTOR = YES;
				GCC_WARN_UNINITIALIZED_AUTOS = YES_AGGRESSIVE;
				GCC_WARN_UNUSED_FUNCTION = YES;
				GCC_WARN_UNUSED_VARIABLE = YES;
				IPHONEOS_DEPLOYMENT_TARGET = 8.1;
				MTL_ENABLE_DEBUG_INFO = YES;
				ONLY_ACTIVE_ARCH = YES;
				SDKROOT = iphoneos;
				SWIFT_OPTIMIZATION_LEVEL = "-Onone";
			};
			name = Debug;
		};
		94E195321AA8D4C0000E6026 /* Release */ = {
			isa = XCBuildConfiguration;
			buildSettings = {
				ALWAYS_SEARCH_USER_PATHS = NO;
				CLANG_CXX_LANGUAGE_STANDARD = "gnu++0x";
				CLANG_CXX_LIBRARY = "libc++";
				CLANG_ENABLE_MODULES = YES;
				CLANG_ENABLE_OBJC_ARC = YES;
				CLANG_WARN_BOOL_CONVERSION = YES;
				CLANG_WARN_CONSTANT_CONVERSION = YES;
				CLANG_WARN_DIRECT_OBJC_ISA_USAGE = YES_ERROR;
				CLANG_WARN_EMPTY_BODY = YES;
				CLANG_WARN_ENUM_CONVERSION = YES;
				CLANG_WARN_INT_CONVERSION = YES;
				CLANG_WARN_OBJC_ROOT_CLASS = YES_ERROR;
				CLANG_WARN_UNREACHABLE_CODE = YES;
				CLANG_WARN__DUPLICATE_METHOD_MATCH = YES;
				"CODE_SIGN_IDENTITY[sdk=iphoneos*]" = "iPhone Developer";
				COPY_PHASE_STRIP = YES;
				ENABLE_NS_ASSERTIONS = NO;
				ENABLE_STRICT_OBJC_MSGSEND = YES;
				GCC_C_LANGUAGE_STANDARD = gnu99;
				GCC_WARN_64_TO_32_BIT_CONVERSION = YES;
				GCC_WARN_ABOUT_RETURN_TYPE = YES_ERROR;
				GCC_WARN_UNDECLARED_SELECTOR = YES;
				GCC_WARN_UNINITIALIZED_AUTOS = YES_AGGRESSIVE;
				GCC_WARN_UNUSED_FUNCTION = YES;
				GCC_WARN_UNUSED_VARIABLE = YES;
				IPHONEOS_DEPLOYMENT_TARGET = 8.1;
				MTL_ENABLE_DEBUG_INFO = NO;
				SDKROOT = iphoneos;
				VALIDATE_PRODUCT = YES;
			};
			name = Release;
		};
		94E195341AA8D4C0000E6026 /* Debug */ = {
			isa = XCBuildConfiguration;
			buildSettings = {
				ASSETCATALOG_COMPILER_APPICON_NAME = AppIcon;
				INFOPLIST_FILE = CSRMovies/Info.plist;
				LD_RUNPATH_SEARCH_PATHS = "$(inherited) @executable_path/Frameworks";
				PRODUCT_NAME = "$(TARGET_NAME)";
			};
			name = Debug;
		};
		94E195351AA8D4C0000E6026 /* Release */ = {
			isa = XCBuildConfiguration;
			buildSettings = {
				ASSETCATALOG_COMPILER_APPICON_NAME = AppIcon;
				INFOPLIST_FILE = CSRMovies/Info.plist;
				LD_RUNPATH_SEARCH_PATHS = "$(inherited) @executable_path/Frameworks";
				PRODUCT_NAME = "$(TARGET_NAME)";
			};
			name = Release;
		};
		94E195371AA8D4C0000E6026 /* Debug */ = {
			isa = XCBuildConfiguration;
			buildSettings = {
				BUNDLE_LOADER = "$(TEST_HOST)";
				FRAMEWORK_SEARCH_PATHS = (
					"$(SDKROOT)/Developer/Library/Frameworks",
					"$(inherited)",
				);
				GCC_PREPROCESSOR_DEFINITIONS = (
					"DEBUG=1",
					"$(inherited)",
				);
				INFOPLIST_FILE = CSRMoviesTests/Info.plist;
				LD_RUNPATH_SEARCH_PATHS = "$(inherited) @executable_path/Frameworks @loader_path/Frameworks";
				PRODUCT_NAME = "$(TARGET_NAME)";
				TEST_HOST = "$(BUILT_PRODUCTS_DIR)/CSRMovies.app/CSRMovies";
			};
			name = Debug;
		};
		94E195381AA8D4C0000E6026 /* Release */ = {
			isa = XCBuildConfiguration;
			buildSettings = {
				BUNDLE_LOADER = "$(TEST_HOST)";
				FRAMEWORK_SEARCH_PATHS = (
					"$(SDKROOT)/Developer/Library/Frameworks",
					"$(inherited)",
				);
				INFOPLIST_FILE = CSRMoviesTests/Info.plist;
				LD_RUNPATH_SEARCH_PATHS = "$(inherited) @executable_path/Frameworks @loader_path/Frameworks";
				PRODUCT_NAME = "$(TARGET_NAME)";
				TEST_HOST = "$(BUILT_PRODUCTS_DIR)/CSRMovies.app/CSRMovies";
			};
			name = Release;
		};
/* End XCBuildConfiguration section */

/* Begin XCConfigurationList section */
		94E1950F1AA8D4BF000E6026 /* Build configuration list for PBXProject "CSRMovies" */ = {
			isa = XCConfigurationList;
			buildConfigurations = (
				94E195311AA8D4C0000E6026 /* Debug */,
				94E195321AA8D4C0000E6026 /* Release */,
			);
			defaultConfigurationIsVisible = 0;
			defaultConfigurationName = Release;
		};
		94E195331AA8D4C0000E6026 /* Build configuration list for PBXNativeTarget "CSRMovies" */ = {
			isa = XCConfigurationList;
			buildConfigurations = (
				94E195341AA8D4C0000E6026 /* Debug */,
				94E195351AA8D4C0000E6026 /* Release */,
			);
			defaultConfigurationIsVisible = 0;
			defaultConfigurationName = Release;
		};
		94E195361AA8D4C0000E6026 /* Build configuration list for PBXNativeTarget "CSRMoviesTests" */ = {
			isa = XCConfigurationList;
			buildConfigurations = (
				94E195371AA8D4C0000E6026 /* Debug */,
				94E195381AA8D4C0000E6026 /* Release */,
			);
			defaultConfigurationIsVisible = 0;
			defaultConfigurationName = Release;
		};
/* End XCConfigurationList section */
	};
	rootObject = 94E1950C1AA8D4BF000E6026 /* Project object */;
}
